// !$*UTF8*$!
{
	archiveVersion = 1;
	classes = {
	};
	objectVersion = 46;
	objects = {

/* Begin PBXBuildFile section */
		21BD6B7914E4B05900ACC45F /* main.c in Sources */ = {isa = PBXBuildFile; fileRef = 21BD6B7814E4B05900ACC45F /* main.c */; };
		21BD6B7B14E4B05900ACC45F /* xbeizer.1 in CopyFiles */ = {isa = PBXBuildFile; fileRef = 21BD6B7A14E4B05900ACC45F /* xbeizer.1 */; };
/* End PBXBuildFile section */

/* Begin PBXCopyFilesBuildPhase section */
		21BD6B7214E4B05900ACC45F /* CopyFiles */ = {
			isa = PBXCopyFilesBuildPhase;
			buildActionMask = 2147483647;
			dstPath = /usr/share/man/man1/;
			dstSubfolderSpec = 0;
			files = (
				21BD6B7B14E4B05900ACC45F /* xbeizer.1 in CopyFiles */,
			);
			runOnlyForDeploymentPostprocessing = 1;
		};
/* End PBXCopyFilesBuildPhase section */

/* Begin PBXFileReference section */
		21BD6B7414E4B05900ACC45F /* xbeizer */ = {isa = PBXFileReference; explicitFileType = "compiled.mach-o.executable"; includeInIndex = 0; path = xbeizer; sourceTree = BUILT_PRODUCTS_DIR; };
		21BD6B7814E4B05900ACC45F /* main.c */ = {isa = PBXFileReference; lastKnownFileType = sourcecode.c.c; path = main.c; sourceTree = "<group>"; };
		21BD6B7A14E4B05900ACC45F /* xbeizer.1 */ = {isa = PBXFileReference; lastKnownFileType = text.man; path = xbeizer.1; sourceTree = "<group>"; };
/* End PBXFileReference section */

/* Begin PBXFrameworksBuildPhase section */
		21BD6B7114E4B05900ACC45F /* Frameworks */ = {
			isa = PBXFrameworksBuildPhase;
			buildActionMask = 2147483647;
			files = (
			);
			runOnlyForDeploymentPostprocessing = 0;
		};
/* End PBXFrameworksBuildPhase section */

/* Begin PBXGroup section */
		21BD6B6914E4B05900ACC45F = {
			isa = PBXGroup;
			children = (
				21BD6B7714E4B05900ACC45F /* xbeizer */,
				21BD6B7514E4B05900ACC45F /* Products */,
			);
			sourceTree = "<group>";
		};
		21BD6B7514E4B05900ACC45F /* Products */ = {
			isa = PBXGroup;
			children = (
				21BD6B7414E4B05900ACC45F /* xbeizer */,
			);
			name = Products;
			sourceTree = "<group>";
		};
		21BD6B7714E4B05900ACC45F /* xbeizer */ = {
			isa = PBXGroup;
			children = (
				21BD6B7814E4B05900ACC45F /* main.c */,
				21BD6B7A14E4B05900ACC45F /* xbeizer.1 */,
			);
			path = xbeizer;
			sourceTree = "<group>";
		};
/* End PBXGroup section */

/* Begin PBXNativeTarget section */
		21BD6B7314E4B05900ACC45F /* xbeizer */ = {
			isa = PBXNativeTarget;
			buildConfigurationList = 21BD6B7E14E4B05900ACC45F /* Build configuration list for PBXNativeTarget "xbeizer" */;
			buildPhases = (
				21BD6B7014E4B05900ACC45F /* Sources */,
				21BD6B7114E4B05900ACC45F /* Frameworks */,
				21BD6B7214E4B05900ACC45F /* CopyFiles */,
			);
			buildRules = (
			);
			dependencies = (
			);
			name = xbeizer;
			productName = xbeizer;
			productReference = 21BD6B7414E4B05900ACC45F /* xbeizer */;
			productType = "com.apple.product-type.tool";
		};
/* End PBXNativeTarget section */

/* Begin PBXProject section */
		21BD6B6B14E4B05900ACC45F /* Project object */ = {
			isa = PBXProject;
			attributes = {
				LastUpgradeCheck = 0420;
				ORGANIZATIONNAME = "Tokyo Tech High School of Science and Technoligy";
			};
			buildConfigurationList = 21BD6B6E14E4B05900ACC45F /* Build configuration list for PBXProject "xbeizer" */;
			compatibilityVersion = "Xcode 3.2";
			developmentRegion = English;
			hasScannedForEncodings = 0;
			knownRegions = (
				en,
			);
			mainGroup = 21BD6B6914E4B05900ACC45F;
			productRefGroup = 21BD6B7514E4B05900ACC45F /* Products */;
			projectDirPath = "";
			projectRoot = "";
			targets = (
				21BD6B7314E4B05900ACC45F /* xbeizer */,
			);
		};
/* End PBXProject section */

/* Begin PBXSourcesBuildPhase section */
		21BD6B7014E4B05900ACC45F /* Sources */ = {
			isa = PBXSourcesBuildPhase;
			buildActionMask = 2147483647;
			files = (
				21BD6B7914E4B05900ACC45F /* main.c in Sources */,
			);
			runOnlyForDeploymentPostprocessing = 0;
		};
/* End PBXSourcesBuildPhase section */

/* Begin XCBuildConfiguration section */
		21BD6B7C14E4B05900ACC45F /* Debug */ = {
			isa = XCBuildConfiguration;
			buildSettings = {
				ALWAYS_SEARCH_USER_PATHS = NO;
				ARCHS = "$(ARCHS_STANDARD_64_BIT)";
				COPY_PHASE_STRIP = NO;
				GCC_C_LANGUAGE_STANDARD = gnu99;
				GCC_DYNAMIC_NO_PIC = NO;
				GCC_ENABLE_OBJC_EXCEPTIONS = YES;
				GCC_OPTIMIZATION_LEVEL = 0;
				GCC_PREPROCESSOR_DEFINITIONS = (
					"DEBUG=1",
					"$(inherited)",
				);
				GCC_SYMBOLS_PRIVATE_EXTERN = NO;
				GCC_VERSION = com.apple.compilers.llvm.clang.1_0;
				GCC_WARN_64_TO_32_BIT_CONVERSION = YES;
				GCC_WARN_ABOUT_MISSING_PROTOTYPES = YES;
				GCC_WARN_ABOUT_RETURN_TYPE = YES;
				GCC_WARN_UNUSED_VARIABLE = YES;
				MACOSX_DEPLOYMENT_TARGET = 10.6;
				ONLY_ACTIVE_ARCH = YES;
				SDKROOT = macosx;
			};
			name = Debug;
		};
		21BD6B7D14E4B05900ACC45F /* Release */ = {
			isa = XCBuildConfiguration;
			buildSettings = {
				ALWAYS_SEARCH_USER_PATHS = NO;
				ARCHS = "$(ARCHS_STANDARD_64_BIT)";
				COPY_PHASE_STRIP = YES;
				DEBUG_INFORMATION_FORMAT = "dwarf-with-dsym";
				GCC_C_LANGUAGE_STANDARD = gnu99;
				GCC_ENABLE_OBJC_EXCEPTIONS = YES;
				GCC_VERSION = com.apple.compilers.llvm.clang.1_0;
				GCC_WARN_64_TO_32_BIT_CONVERSION = YES;
				GCC_WARN_ABOUT_MISSING_PROTOTYPES = YES;
				GCC_WARN_ABOUT_RETURN_TYPE = YES;
				GCC_WARN_UNUSED_VARIABLE = YES;
				MACOSX_DEPLOYMENT_TARGET = 10.6;
				SDKROOT = macosx;
			};
			name = Release;
		};
		21BD6B7F14E4B05900ACC45F /* Debug */ = {
			isa = XCBuildConfiguration;
			buildSettings = {
				PRODUCT_NAME = "$(TARGET_NAME)";
			};
			name = Debug;
		};
		21BD6B8014E4B05900ACC45F /* Release */ = {
			isa = XCBuildConfiguration;
			buildSettings = {
				PRODUCT_NAME = "$(TARGET_NAME)";
			};
			name = Release;
		};
/* End XCBuildConfiguration section */

/* Begin XCConfigurationList section */
		21BD6B6E14E4B05900ACC45F /* Build configuration list for PBXProject "xbeizer" */ = {
			isa = XCConfigurationList;
			buildConfigurations = (
				21BD6B7C14E4B05900ACC45F /* Debug */,
				21BD6B7D14E4B05900ACC45F /* Release */,
			);
			defaultConfigurationIsVisible = 0;
			defaultConfigurationName = Release;
		};
		21BD6B7E14E4B05900ACC45F /* Build configuration list for PBXNativeTarget "xbeizer" */ = {
			isa = XCConfigurationList;
			buildConfigurations = (
				21BD6B7F14E4B05900ACC45F /* Debug */,
				21BD6B8014E4B05900ACC45F /* Release */,
			);
			defaultConfigurationIsVisible = 0;
		};
/* End XCConfigurationList section */
	};
	rootObject = 21BD6B6B14E4B05900ACC45F /* Project object */;
}
